
Microsoft Visual Studio Solution File, Format Version 12.00
# Visual Studio Version 17
VisualStudioVersion = 17.13.35806.99 d17.13
MinimumVisualStudioVersion = 10.0.40219.1
Project("{FAE04EC0-301F-11D3-BF4B-00C04F79EFBC}") = "DZ_modul_11_part_2", "DZ_modul_11_part_2.csproj", "{753DB7B3-9501-44C0-A60C-98E23F88EC41}"
EndProject
Global
	GlobalSection(SolutionConfigurationPlatforms) = preSolution
		Debug|Any CPU = Debug|Any CPU
		Release|Any CPU = Release|Any CPU
	EndGlobalSection
	GlobalSection(ProjectConfigurationPlatforms) = postSolution
		{753DB7B3-9501-44C0-A60C-98E23F88EC41}.Debug|Any CPU.ActiveCfg = Debug|Any CPU
		{753DB7B3-9501-44C0-A60C-98E23F88EC41}.Debug|Any CPU.Build.0 = Debug|Any CPU
		{753DB7B3-9501-44C0-A60C-98E23F88EC41}.Release|Any CPU.ActiveCfg = Release|Any CPU
		{753DB7B3-9501-44C0-A60C-98E23F88EC41}.Release|Any CPU.Build.0 = Release|Any CPU
	EndGlobalSection
	GlobalSection(SolutionProperties) = preSolution
		HideSolutionNode = FALSE
	EndGlobalSection
	GlobalSection(ExtensibilityGlobals) = postSolution
		SolutionGuid = {04B9818F-49CB-4E7A-8C60-236718AD2614}
	EndGlobalSection
EndGlobal
